
Microsoft Visual Studio Solution File, Format Version 12.00
# Visual Studio Version 17
VisualStudioVersion = 17.0.32112.339
MinimumVisualStudioVersion = 10.0.40219.1
Project("{FAE04EC0-301F-11D3-BF4B-00C04F79EFBC}") = "Whiskers_Server", "Whiskers_Server\Whiskers_Server.csproj", "{B9DABD61-F6E6-4DCD-8388-8A7CCDD870B1}"
EndProject
Project("{FAE04EC0-301F-11D3-BF4B-00C04F79EFBC}") = "DAL", "DAL\DAL.csproj", "{D0C5B129-E9D4-44B9-AC79-A1ACE8F97E78}"
EndProject
Project("{FAE04EC0-301F-11D3-BF4B-00C04F79EFBC}") = "BAL", "BAL\BAL.csproj", "{EE06218A-CDD4-4F61-8B06-84D10A45A801}"
EndProject
Global
	GlobalSection(SolutionConfigurationPlatforms) = preSolution
		Debug|Any CPU = Debug|Any CPU
		Release|Any CPU = Release|Any CPU
	EndGlobalSection
	GlobalSection(ProjectConfigurationPlatforms) = postSolution
		{B9DABD61-F6E6-4DCD-8388-8A7CCDD870B1}.Debug|Any CPU.ActiveCfg = Debug|Any CPU
		{B9DABD61-F6E6-4DCD-8388-8A7CCDD870B1}.Debug|Any CPU.Build.0 = Debug|Any CPU
		{B9DABD61-F6E6-4DCD-8388-8A7CCDD870B1}.Release|Any CPU.ActiveCfg = Release|Any CPU
		{B9DABD61-F6E6-4DCD-8388-8A7CCDD870B1}.Release|Any CPU.Build.0 = Release|Any CPU
		{D0C5B129-E9D4-44B9-AC79-A1ACE8F97E78}.Debug|Any CPU.ActiveCfg = Debug|Any CPU
		{D0C5B129-E9D4-44B9-AC79-A1ACE8F97E78}.Debug|Any CPU.Build.0 = Debug|Any CPU
		{D0C5B129-E9D4-44B9-AC79-A1ACE8F97E78}.Release|Any CPU.ActiveCfg = Release|Any CPU
		{D0C5B129-E9D4-44B9-AC79-A1ACE8F97E78}.Release|Any CPU.Build.0 = Release|Any CPU
		{EE06218A-CDD4-4F61-8B06-84D10A45A801}.Debug|Any CPU.ActiveCfg = Debug|Any CPU
		{EE06218A-CDD4-4F61-8B06-84D10A45A801}.Debug|Any CPU.Build.0 = Debug|Any CPU
		{EE06218A-CDD4-4F61-8B06-84D10A45A801}.Release|Any CPU.ActiveCfg = Release|Any CPU
		{EE06218A-CDD4-4F61-8B06-84D10A45A801}.Release|Any CPU.Build.0 = Release|Any CPU
	EndGlobalSection
	GlobalSection(SolutionProperties) = preSolution
		HideSolutionNode = FALSE
	EndGlobalSection
	GlobalSection(ExtensibilityGlobals) = postSolution
		SolutionGuid = {2A8AFEF6-886D-4315-ADA5-029B36DE38DA}
	EndGlobalSection
EndGlobal
